// !$*UTF8*$!
{
	archiveVersion = 1;
	classes = {};
	objectVersion = 60;
	objects = {
		A00000000000000000000001 = {isa = PBXGroup; children = (A00000000000000000000002, A00000000000000000000003,); sourceTree = "<group>";};
		A00000000000000000000002 = {isa = PBXGroup; children = (A10000000000000000000001, A10000000000000000000002, A10000000000000000000003, A10000000000000000000004, A10000000000000000000005, A10000000000000000000011, A10000000000000000000006, A10000000000000000000007, A10000000000000000000008, A10000000000000000000009, A1000000000000000000000A, A1000000000000000000000B, A1000000000000000000000C, A1000000000000000000000D, A1000000000000000000000E, A1000000000000000000000F, A10000000000000000000010,); path = Sources; sourceTree = "<group>";};
		A00000000000000000000003 = {isa = PBXGroup; children = (A20000000000000000000001,); name = Products; sourceTree = "<group>";};
		A10000000000000000000001 = {isa = PBXFileReference; lastKnownFileType = sourcecode.swift; path = FileAssociationManagerApp.swift; sourceTree = "<group>";};
		A10000000000000000000002 = {isa = PBXFileReference; lastKnownFileType = sourcecode.swift; path = Models.swift; sourceTree = "<group>";};
		A10000000000000000000003 = {isa = PBXFileReference; lastKnownFileType = sourcecode.swift; path = AssociationStore.swift; sourceTree = "<group>";};
		A10000000000000000000004 = {isa = PBXFileReference; lastKnownFileType = sourcecode.swift; path = LaunchServicesClient.swift; sourceTree = "<group>";};
		A10000000000000000000005 = {isa = PBXFileReference; lastKnownFileType = sourcecode.swift; path = AppScanner.swift; sourceTree = "<group>";};
		A10000000000000000000006 = {isa = PBXFileReference; lastKnownFileType = sourcecode.swift; path = ContentView.swift; sourceTree = "<group>";};
		A10000000000000000000007 = {isa = PBXFileReference; lastKnownFileType = sourcecode.swift; path = FileTypesView.swift; sourceTree = "<group>";};
		A10000000000000000000008 = {isa = PBXFileReference; lastKnownFileType = sourcecode.swift; path = ApplicationsView.swift; sourceTree = "<group>";};
		A10000000000000000000009 = {isa = PBXFileReference; lastKnownFileType = sourcecode.swift; path = VisualEffects.swift; sourceTree = "<group>";};
		A1000000000000000000000A = {isa = PBXFileReference; lastKnownFileType = sourcecode.swift; path = main.swift; sourceTree = "<group>";};
		A1000000000000000000000B = {isa = PBXFileReference; lastKnownFileType = sourcecode.swift; path = DefaultAppsView.swift; sourceTree = "<group>";};
		A1000000000000000000000C = {isa = PBXFileReference; lastKnownFileType = folder.assetcatalog; path = Assets.xcassets; sourceTree = "<group>";};
		A1000000000000000000000D = {isa = PBXFileReference; lastKnownFileType = text.json.xcstrings; path = Localizable.xcstrings; sourceTree = "<group>";};
		A1000000000000000000000E = {isa = PBXFileReference; lastKnownFileType = sourcecode.swift; path = Localization.swift; sourceTree = "<group>";};
		A1000000000000000000000F = {isa = PBXFileReference; lastKnownFileType = sourcecode.swift; path = AdvancedFeaturesView.swift; sourceTree = "<group>";};
		A10000000000000000000010 = {isa = PBXFileReference; lastKnownFileType = sourcecode.swift; path = UTTypeRelationships.swift; sourceTree = "<group>";};
		A10000000000000000000011 = {isa = PBXFileReference; lastKnownFileType = sourcecode.swift; path = ApplicationCapabilityIndex.swift; sourceTree = "<group>";};
		A20000000000000000000001 = {isa = PBXFileReference; explicitFileType = wrapper.application; includeInIndex = 0; path = DefaultOpen.app; sourceTree = BUILT_PRODUCTS_DIR;};
		A30000000000000000000001 = {isa = PBXBuildFile; fileRef = A10000000000000000000001;};
		A30000000000000000000002 = {isa = PBXBuildFile; fileRef = A10000000000000000000002;};
		A30000000000000000000003 = {isa = PBXBuildFile; fileRef = A10000000000000000000003;};
		A30000000000000000000004 = {isa = PBXBuildFile; fileRef = A10000000000000000000004;};
		A30000000000000000000005 = {isa = PBXBuildFile; fileRef = A10000000000000000000005;};
		A30000000000000000000006 = {isa = PBXBuildFile; fileRef = A10000000000000000000006;};
		A30000000000000000000007 = {isa = PBXBuildFile; fileRef = A10000000000000000000007;};
		A30000000000000000000008 = {isa = PBXBuildFile; fileRef = A10000000000000000000008;};
		A30000000000000000000009 = {isa = PBXBuildFile; fileRef = A10000000000000000000009;};
		A3000000000000000000000A = {isa = PBXBuildFile; fileRef = A1000000000000000000000A;};
		A3000000000000000000000B = {isa = PBXBuildFile; fileRef = A1000000000000000000000B;};
		A3000000000000000000000C = {isa = PBXBuildFile; fileRef = A1000000000000000000000C;};
		A3000000000000000000000D = {isa = PBXBuildFile; fileRef = A1000000000000000000000D;};
		A3000000000000000000000E = {isa = PBXBuildFile; fileRef = A1000000000000000000000E;};
		A3000000000000000000000F = {isa = PBXBuildFile; fileRef = A1000000000000000000000F;};
		A30000000000000000000010 = {isa = PBXBuildFile; fileRef = A10000000000000000000010;};
		A30000000000000000000011 = {isa = PBXBuildFile; fileRef = A10000000000000000000011;};
		A40000000000000000000001 = {isa = PBXSourcesBuildPhase; buildActionMask = 2147483647; files = (A30000000000000000000001,A30000000000000000000002,A30000000000000000000003,A30000000000000000000004,A30000000000000000000005,A30000000000000000000011,A30000000000000000000006,A30000000000000000000007,A30000000000000000000008,A30000000000000000000009,A3000000000000000000000A,A3000000000000000000000B,A3000000000000000000000E,A3000000000000000000000F,A30000000000000000000010,); runOnlyForDeploymentPostprocessing = 0;};
		A50000000000000000000001 = {isa = PBXFrameworksBuildPhase; buildActionMask = 2147483647; files = (); runOnlyForDeploymentPostprocessing = 0;};
		A60000000000000000000001 = {isa = PBXResourcesBuildPhase; buildActionMask = 2147483647; files = (A3000000000000000000000C,A3000000000000000000000D,); runOnlyForDeploymentPostprocessing = 0;};
		A70000000000000000000001 = {isa = PBXNativeTarget; buildConfigurationList = A90000000000000000000002; buildPhases = (A40000000000000000000001,A50000000000000000000001,A60000000000000000000001,); buildRules = (); dependencies = (); name = FileAssociationManager; productName = FileAssociationManager; productReference = A20000000000000000000001; productType = "com.apple.product-type.application";};
		A80000000000000000000001 = {isa = PBXProject; attributes = {BuildIndependentTargetsInParallel = 1; LastSwiftUpdateCheck = 1600; LastUpgradeCheck = 1600; TargetAttributes = {A70000000000000000000001 = {CreatedOnToolsVersion = 16.0;};};}; buildConfigurationList = A90000000000000000000001; compatibilityVersion = "Xcode 15.0"; developmentRegion = en; hasScannedForEncodings = 0; knownRegions = (en, Base,); mainGroup = A00000000000000000000001; productRefGroup = A00000000000000000000003; projectDirPath = ""; projectRoot = ""; targets = (A70000000000000000000001,);};
		AA0000000000000000000001 = {isa = XCBuildConfiguration; buildSettings = {CLANG_ENABLE_MODULES = YES; MACOSX_DEPLOYMENT_TARGET = 14.0; SDKROOT = macosx; SWIFT_VERSION = 5.0;}; name = Debug;};
		AA0000000000000000000002 = {isa = XCBuildConfiguration; buildSettings = {CLANG_ENABLE_MODULES = YES; MACOSX_DEPLOYMENT_TARGET = 14.0; SDKROOT = macosx; SWIFT_VERSION = 5.0;}; name = Release;};
		AA0000000000000000000003 = {isa = XCBuildConfiguration; buildSettings = {ARCHS = arm64; ASSETCATALOG_COMPILER_APPICON_NAME = AppIcon; ASSETCATALOG_COMPILER_GENERATE_SWIFT_ASSET_SYMBOL_EXTENSIONS = YES; CODE_SIGN_STYLE = Automatic; COMBINE_HIDPI_IMAGES = YES; CURRENT_PROJECT_VERSION = 1; ENABLE_HARDENED_RUNTIME = YES; ENABLE_PREVIEWS = YES; GENERATE_INFOPLIST_FILE = NO; INFOPLIST_FILE = "Sources/Debug-Info.plist"; MARKETING_VERSION = 1.0.8; PRODUCT_BUNDLE_IDENTIFIER = com.lalalaladam.DefaultOpen; PRODUCT_NAME = DefaultOpen; SWIFT_ACTIVE_COMPILATION_CONDITIONS = DEBUG; SWIFT_EMIT_LOC_STRINGS = YES; SWIFT_OPTIMIZATION_LEVEL = "-Onone"; SWIFT_VERSION = 5.0;}; name = Debug;};
		AA0000000000000000000004 = {isa = XCBuildConfiguration; buildSettings = {ARCHS = arm64; ASSETCATALOG_COMPILER_APPICON_NAME = AppIcon; ASSETCATALOG_COMPILER_GENERATE_SWIFT_ASSET_SYMBOL_EXTENSIONS = YES; CODE_SIGN_STYLE = Automatic; COMBINE_HIDPI_IMAGES = YES; CURRENT_PROJECT_VERSION = 1; ENABLE_HARDENED_RUNTIME = YES; GENERATE_INFOPLIST_FILE = YES; INFOPLIST_KEY_CFBundleDisplayName = DefaultOpen; INFOPLIST_KEY_LSApplicationCategoryType = "public.app-category.utilities"; MARKETING_VERSION = 1.0.8; ONLY_ACTIVE_ARCH = NO; PRODUCT_BUNDLE_IDENTIFIER = com.lalalaladam.DefaultOpen; PRODUCT_NAME = DefaultOpen; SWIFT_COMPILATION_MODE = wholemodule; SWIFT_VERSION = 5.0;}; name = Release;};
		A90000000000000000000001 = {isa = XCConfigurationList; buildConfigurations = (AA0000000000000000000001,AA0000000000000000000002,); defaultConfigurationIsVisible = 0; defaultConfigurationName = Release;};
		A90000000000000000000002 = {isa = XCConfigurationList; buildConfigurations = (AA0000000000000000000003,AA0000000000000000000004,); defaultConfigurationIsVisible = 0; defaultConfigurationName = Release;};
	};
	rootObject = A80000000000000000000001;
}
